// !$*UTF8*$!
{
	archiveVersion = 1;
	classes = {
	};
	objectVersion = 56;
	objects = {

/* Begin PBXBuildFile section */
		200A6BB829672CD200E11AF6 /* HomeViewController.swift in Sources */ = {isa = PBXBuildFile; fileRef = 200A6BB729672CD200E11AF6 /* HomeViewController.swift */; };
		200A6BBA29672D0900E11AF6 /* UpcomingViewController.swift in Sources */ = {isa = PBXBuildFile; fileRef = 200A6BB929672D0900E11AF6 /* UpcomingViewController.swift */; };
		200A6BBC29672D1B00E11AF6 /* SearchViewController.swift in Sources */ = {isa = PBXBuildFile; fileRef = 200A6BBB29672D1B00E11AF6 /* SearchViewController.swift */; };
		200A6BBE29672D2A00E11AF6 /* DownloadsViewController.swift in Sources */ = {isa = PBXBuildFile; fileRef = 200A6BBD29672D2A00E11AF6 /* DownloadsViewController.swift */; };
		200A6BC529673DF000E11AF6 /* CollectionViewTableViewCell.swift in Sources */ = {isa = PBXBuildFile; fileRef = 200A6BC429673DF000E11AF6 /* CollectionViewTableViewCell.swift */; };
		204CD474296EEC4F00E4B068 /* MovieCollectionViewCell.swift in Sources */ = {isa = PBXBuildFile; fileRef = 204CD473296EEC4F00E4B068 /* MovieCollectionViewCell.swift */; };
		204CD477296EEF0D00E4B068 /* SDWebImage in Frameworks */ = {isa = PBXBuildFile; productRef = 204CD476296EEF0D00E4B068 /* SDWebImage */; };
		204CD479296EEF0D00E4B068 /* SDWebImageMapKit in Frameworks */ = {isa = PBXBuildFile; productRef = 204CD478296EEF0D00E4B068 /* SDWebImageMapKit */; };
		206A2E8529699398006365E1 /* HeroHeaderUIView.swift in Sources */ = {isa = PBXBuildFile; fileRef = 206A2E8429699398006365E1 /* HeroHeaderUIView.swift */; };
		209349F4296B14D000E8EF30 /* APICaller.swift in Sources */ = {isa = PBXBuildFile; fileRef = 209349F3296B14D000E8EF30 /* APICaller.swift */; };
		209349F6296B1FD100E8EF30 /* Movie.swift in Sources */ = {isa = PBXBuildFile; fileRef = 209349F5296B1FD100E8EF30 /* Movie.swift */; };
		209349F8296B2F4600E8EF30 /* Extensions.swift in Sources */ = {isa = PBXBuildFile; fileRef = 209349F7296B2F4600E8EF30 /* Extensions.swift */; };
		20B157212967293700FC30F6 /* AppDelegate.swift in Sources */ = {isa = PBXBuildFile; fileRef = 20B157202967293700FC30F6 /* AppDelegate.swift */; };
		20B157232967293700FC30F6 /* SceneDelegate.swift in Sources */ = {isa = PBXBuildFile; fileRef = 20B157222967293700FC30F6 /* SceneDelegate.swift */; };
		20B157252967293700FC30F6 /* MainTabBarViewController.swift in Sources */ = {isa = PBXBuildFile; fileRef = 20B157242967293700FC30F6 /* MainTabBarViewController.swift */; };
		20B1572A2967293800FC30F6 /* Assets.xcassets in Resources */ = {isa = PBXBuildFile; fileRef = 20B157292967293800FC30F6 /* Assets.xcassets */; };
		20B1572D2967293800FC30F6 /* LaunchScreen.storyboard in Resources */ = {isa = PBXBuildFile; fileRef = 20B1572B2967293800FC30F6 /* LaunchScreen.storyboard */; };
/* End PBXBuildFile section */

/* Begin PBXFileReference section */
		200A6BB729672CD200E11AF6 /* HomeViewController.swift */ = {isa = PBXFileReference; lastKnownFileType = sourcecode.swift; path = HomeViewController.swift; sourceTree = "<group>"; };
		200A6BB929672D0900E11AF6 /* UpcomingViewController.swift */ = {isa = PBXFileReference; lastKnownFileType = sourcecode.swift; path = UpcomingViewController.swift; sourceTree = "<group>"; };
		200A6BBB29672D1B00E11AF6 /* SearchViewController.swift */ = {isa = PBXFileReference; lastKnownFileType = sourcecode.swift; path = SearchViewController.swift; sourceTree = "<group>"; };
		200A6BBD29672D2A00E11AF6 /* DownloadsViewController.swift */ = {isa = PBXFileReference; lastKnownFileType = sourcecode.swift; path = DownloadsViewController.swift; sourceTree = "<group>"; };
		200A6BC429673DF000E11AF6 /* CollectionViewTableViewCell.swift */ = {isa = PBXFileReference; lastKnownFileType = sourcecode.swift; path = CollectionViewTableViewCell.swift; sourceTree = "<group>"; };
		204CD473296EEC4F00E4B068 /* MovieCollectionViewCell.swift */ = {isa = PBXFileReference; lastKnownFileType = sourcecode.swift; path = MovieCollectionViewCell.swift; sourceTree = "<group>"; };
		206A2E8429699398006365E1 /* HeroHeaderUIView.swift */ = {isa = PBXFileReference; lastKnownFileType = sourcecode.swift; path = HeroHeaderUIView.swift; sourceTree = "<group>"; };
		209349F3296B14D000E8EF30 /* APICaller.swift */ = {isa = PBXFileReference; lastKnownFileType = sourcecode.swift; path = APICaller.swift; sourceTree = "<group>"; };
		209349F5296B1FD100E8EF30 /* Movie.swift */ = {isa = PBXFileReference; lastKnownFileType = sourcecode.swift; path = Movie.swift; sourceTree = "<group>"; };
		209349F7296B2F4600E8EF30 /* Extensions.swift */ = {isa = PBXFileReference; lastKnownFileType = sourcecode.swift; path = Extensions.swift; sourceTree = "<group>"; };
		20B1571D2967293700FC30F6 /* Netflix Clone.app */ = {isa = PBXFileReference; explicitFileType = wrapper.application; includeInIndex = 0; path = "Netflix Clone.app"; sourceTree = BUILT_PRODUCTS_DIR; };
		20B157202967293700FC30F6 /* AppDelegate.swift */ = {isa = PBXFileReference; lastKnownFileType = sourcecode.swift; path = AppDelegate.swift; sourceTree = "<group>"; };
		20B157222967293700FC30F6 /* SceneDelegate.swift */ = {isa = PBXFileReference; lastKnownFileType = sourcecode.swift; path = SceneDelegate.swift; sourceTree = "<group>"; };
		20B157242967293700FC30F6 /* MainTabBarViewController.swift */ = {isa = PBXFileReference; lastKnownFileType = sourcecode.swift; path = MainTabBarViewController.swift; sourceTree = "<group>"; };
		20B157292967293800FC30F6 /* Assets.xcassets */ = {isa = PBXFileReference; lastKnownFileType = folder.assetcatalog; path = Assets.xcassets; sourceTree = "<group>"; };
		20B1572C2967293800FC30F6 /* Base */ = {isa = PBXFileReference; lastKnownFileType = file.storyboard; name = Base; path = Base.lproj/LaunchScreen.storyboard; sourceTree = "<group>"; };
		20B1572E2967293800FC30F6 /* Info.plist */ = {isa = PBXFileReference; lastKnownFileType = text.plist.xml; path = Info.plist; sourceTree = "<group>"; };
/* End PBXFileReference section */

/* Begin PBXFrameworksBuildPhase section */
		20B1571A2967293700FC30F6 /* Frameworks */ = {
			isa = PBXFrameworksBuildPhase;
			buildActionMask = 2147483647;
			files = (
				204CD479296EEF0D00E4B068 /* SDWebImageMapKit in Frameworks */,
				204CD477296EEF0D00E4B068 /* SDWebImage in Frameworks */,
			);
			runOnlyForDeploymentPostprocessing = 0;
		};
/* End PBXFrameworksBuildPhase section */

/* Begin PBXGroup section */
		200A6BB629672C9400E11AF6 /* Controllers */ = {
			isa = PBXGroup;
			children = (
				200A6BB729672CD200E11AF6 /* HomeViewController.swift */,
				200A6BB929672D0900E11AF6 /* UpcomingViewController.swift */,
				200A6BBB29672D1B00E11AF6 /* SearchViewController.swift */,
				200A6BBD29672D2A00E11AF6 /* DownloadsViewController.swift */,
			);
			path = Controllers;
			sourceTree = "<group>";
		};
		200A6BBF29673C2E00E11AF6 /* Managers */ = {
			isa = PBXGroup;
			children = (
				209349F3296B14D000E8EF30 /* APICaller.swift */,
			);
			path = Managers;
			sourceTree = "<group>";
		};
		200A6BC029673C4000E11AF6 /* Resources */ = {
			isa = PBXGroup;
			children = (
				209349F7296B2F4600E8EF30 /* Extensions.swift */,
			);
			path = Resources;
			sourceTree = "<group>";
		};
		200A6BC129673C5500E11AF6 /* Models */ = {
			isa = PBXGroup;
			children = (
				209349F5296B1FD100E8EF30 /* Movie.swift */,
			);
			path = Models;
			sourceTree = "<group>";
		};
		200A6BC229673C5B00E11AF6 /* Views */ = {
			isa = PBXGroup;
			children = (
				200A6BC429673DF000E11AF6 /* CollectionViewTableViewCell.swift */,
				206A2E8429699398006365E1 /* HeroHeaderUIView.swift */,
				204CD473296EEC4F00E4B068 /* MovieCollectionViewCell.swift */,
			);
			path = Views;
			sourceTree = "<group>";
		};
		200A6BC329673C6E00E11AF6 /* ViewModels */ = {
			isa = PBXGroup;
			children = (
			);
			path = ViewModels;
			sourceTree = "<group>";
		};
		20B157142967293700FC30F6 = {
			isa = PBXGroup;
			children = (
				20B1571F2967293700FC30F6 /* Netflix Clone */,
				20B1571E2967293700FC30F6 /* Products */,
			);
			sourceTree = "<group>";
		};
		20B1571E2967293700FC30F6 /* Products */ = {
			isa = PBXGroup;
			children = (
				20B1571D2967293700FC30F6 /* Netflix Clone.app */,
			);
			name = Products;
			sourceTree = "<group>";
		};
		20B1571F2967293700FC30F6 /* Netflix Clone */ = {
			isa = PBXGroup;
			children = (
				200A6BBF29673C2E00E11AF6 /* Managers */,
				200A6BC029673C4000E11AF6 /* Resources */,
				200A6BC129673C5500E11AF6 /* Models */,
				200A6BC229673C5B00E11AF6 /* Views */,
				200A6BC329673C6E00E11AF6 /* ViewModels */,
				200A6BB629672C9400E11AF6 /* Controllers */,
				20B157202967293700FC30F6 /* AppDelegate.swift */,
				20B157222967293700FC30F6 /* SceneDelegate.swift */,
				20B157242967293700FC30F6 /* MainTabBarViewController.swift */,
				20B157292967293800FC30F6 /* Assets.xcassets */,
				20B1572B2967293800FC30F6 /* LaunchScreen.storyboard */,
				20B1572E2967293800FC30F6 /* Info.plist */,
			);
			path = "Netflix Clone";
			sourceTree = "<group>";
		};
/* End PBXGroup section */

/* Begin PBXNativeTarget section */
		20B1571C2967293700FC30F6 /* Netflix Clone */ = {
			isa = PBXNativeTarget;
			buildConfigurationList = 20B157312967293800FC30F6 /* Build configuration list for PBXNativeTarget "Netflix Clone" */;
			buildPhases = (
				20B157192967293700FC30F6 /* Sources */,
				20B1571A2967293700FC30F6 /* Frameworks */,
				20B1571B2967293700FC30F6 /* Resources */,
			);
			buildRules = (
			);
			dependencies = (
			);
			name = "Netflix Clone";
			packageProductDependencies = (
				204CD476296EEF0D00E4B068 /* SDWebImage */,
				204CD478296EEF0D00E4B068 /* SDWebImageMapKit */,
			);
			productName = "Netflix Clone";
			productReference = 20B1571D2967293700FC30F6 /* Netflix Clone.app */;
			productType = "com.apple.product-type.application";
		};
/* End PBXNativeTarget section */

/* Begin PBXProject section */
		20B157152967293700FC30F6 /* Project object */ = {
			isa = PBXProject;
			attributes = {
				BuildIndependentTargetsInParallel = 1;
				LastSwiftUpdateCheck = 1420;
				LastUpgradeCheck = 1420;
				TargetAttributes = {
					20B1571C2967293700FC30F6 = {
						CreatedOnToolsVersion = 14.2;
					};
				};
			};
			buildConfigurationList = 20B157182967293700FC30F6 /* Build configuration list for PBXProject "Netflix Clone" */;
			compatibilityVersion = "Xcode 14.0";
			developmentRegion = en;
			hasScannedForEncodings = 0;
			knownRegions = (
				en,
				Base,
			);
			mainGroup = 20B157142967293700FC30F6;
			packageReferences = (
				204CD475296EEF0D00E4B068 /* XCRemoteSwiftPackageReference "SDWebImage" */,
			);
			productRefGroup = 20B1571E2967293700FC30F6 /* Products */;
			projectDirPath = "";
			projectRoot = "";
			targets = (
				20B1571C2967293700FC30F6 /* Netflix Clone */,
			);
		};
/* End PBXProject section */

/* Begin PBXResourcesBuildPhase section */
		20B1571B2967293700FC30F6 /* Resources */ = {
			isa = PBXResourcesBuildPhase;
			buildActionMask = 2147483647;
			files = (
				20B1572D2967293800FC30F6 /* LaunchScreen.storyboard in Resources */,
				20B1572A2967293800FC30F6 /* Assets.xcassets in Resources */,
			);
			runOnlyForDeploymentPostprocessing = 0;
		};
/* End PBXResourcesBuildPhase section */

/* Begin PBXSourcesBuildPhase section */
		20B157192967293700FC30F6 /* Sources */ = {
			isa = PBXSourcesBuildPhase;
			buildActionMask = 2147483647;
			files = (
				200A6BBC29672D1B00E11AF6 /* SearchViewController.swift in Sources */,
				204CD474296EEC4F00E4B068 /* MovieCollectionViewCell.swift in Sources */,
				20B157252967293700FC30F6 /* MainTabBarViewController.swift in Sources */,
				200A6BC529673DF000E11AF6 /* CollectionViewTableViewCell.swift in Sources */,
				209349F4296B14D000E8EF30 /* APICaller.swift in Sources */,
				206A2E8529699398006365E1 /* HeroHeaderUIView.swift in Sources */,
				200A6BBE29672D2A00E11AF6 /* DownloadsViewController.swift in Sources */,
				20B157212967293700FC30F6 /* AppDelegate.swift in Sources */,
				209349F8296B2F4600E8EF30 /* Extensions.swift in Sources */,
				20B157232967293700FC30F6 /* SceneDelegate.swift in Sources */,
				200A6BBA29672D0900E11AF6 /* UpcomingViewController.swift in Sources */,
				209349F6296B1FD100E8EF30 /* Movie.swift in Sources */,
				200A6BB829672CD200E11AF6 /* HomeViewController.swift in Sources */,
			);
			runOnlyForDeploymentPostprocessing = 0;
		};
/* End PBXSourcesBuildPhase section */

/* Begin PBXVariantGroup section */
		20B1572B2967293800FC30F6 /* LaunchScreen.storyboard */ = {
			isa = PBXVariantGroup;
			children = (
				20B1572C2967293800FC30F6 /* Base */,
			);
			name = LaunchScreen.storyboard;
			sourceTree = "<group>";
		};
/* End PBXVariantGroup section */

/* Begin XCBuildConfiguration section */
		20B1572F2967293800FC30F6 /* Debug */ = {
			isa = XCBuildConfiguration;
			buildSettings = {
				ALWAYS_SEARCH_USER_PATHS = NO;
				CLANG_ANALYZER_NONNULL = YES;
				CLANG_ANALYZER_NUMBER_OBJECT_CONVERSION = YES_AGGRESSIVE;
				CLANG_CXX_LANGUAGE_STANDARD = "gnu++20";
				CLANG_ENABLE_MODULES = YES;
				CLANG_ENABLE_OBJC_ARC = YES;
				CLANG_ENABLE_OBJC_WEAK = YES;
				CLANG_WARN_BLOCK_CAPTURE_AUTORELEASING = YES;
				CLANG_WARN_BOOL_CONVERSION = YES;
				CLANG_WARN_COMMA = YES;
				CLANG_WARN_CONSTANT_CONVERSION = YES;
				CLANG_WARN_DEPRECATED_OBJC_IMPLEMENTATIONS = YES;
				CLANG_WARN_DIRECT_OBJC_ISA_USAGE = YES_ERROR;
				CLANG_WARN_DOCUMENTATION_COMMENTS = YES;
				CLANG_WARN_EMPTY_BODY = YES;
				CLANG_WARN_ENUM_CONVERSION = YES;
				CLANG_WARN_INFINITE_RECURSION = YES;
				CLANG_WARN_INT_CONVERSION = YES;
				CLANG_WARN_NON_LITERAL_NULL_CONVERSION = YES;
				CLANG_WARN_OBJC_IMPLICIT_RETAIN_SELF = YES;
				CLANG_WARN_OBJC_LITERAL_CONVERSION = YES;
				CLANG_WARN_OBJC_ROOT_CLASS = YES_ERROR;
				CLANG_WARN_QUOTED_INCLUDE_IN_FRAMEWORK_HEADER = YES;
				CLANG_WARN_RANGE_LOOP_ANALYSIS = YES;
				CLANG_WARN_STRICT_PROTOTYPES = YES;
				CLANG_WARN_SUSPICIOUS_MOVE = YES;
				CLANG_WARN_UNGUARDED_AVAILABILITY = YES_AGGRESSIVE;
				CLANG_WARN_UNREACHABLE_CODE = YES;
				CLANG_WARN__DUPLICATE_METHOD_MATCH = YES;
				COPY_PHASE_STRIP = NO;
				DEBUG_INFORMATION_FORMAT = dwarf;
				ENABLE_STRICT_OBJC_MSGSEND = YES;
				ENABLE_TESTABILITY = YES;
				GCC_C_LANGUAGE_STANDARD = gnu11;
				GCC_DYNAMIC_NO_PIC = NO;
				GCC_NO_COMMON_BLOCKS = YES;
				GCC_OPTIMIZATION_LEVEL = 0;
				GCC_PREPROCESSOR_DEFINITIONS = (
					"DEBUG=1",
					"$(inherited)",
				);
				GCC_WARN_64_TO_32_BIT_CONVERSION = YES;
				GCC_WARN_ABOUT_RETURN_TYPE = YES_ERROR;
				GCC_WARN_UNDECLARED_SELECTOR = YES;
				GCC_WARN_UNINITIALIZED_AUTOS = YES_AGGRESSIVE;
				GCC_WARN_UNUSED_FUNCTION = YES;
				GCC_WARN_UNUSED_VARIABLE = YES;
				IPHONEOS_DEPLOYMENT_TARGET = 16.2;
				MTL_ENABLE_DEBUG_INFO = INCLUDE_SOURCE;
				MTL_FAST_MATH = YES;
				ONLY_ACTIVE_ARCH = YES;
				SDKROOT = iphoneos;
				SWIFT_ACTIVE_COMPILATION_CONDITIONS = DEBUG;
				SWIFT_OPTIMIZATION_LEVEL = "-Onone";
			};
			name = Debug;
		};
		20B157302967293800FC30F6 /* Release */ = {
			isa = XCBuildConfiguration;
			buildSettings = {
				ALWAYS_SEARCH_USER_PATHS = NO;
				CLANG_ANALYZER_NONNULL = YES;
				CLANG_ANALYZER_NUMBER_OBJECT_CONVERSION = YES_AGGRESSIVE;
				CLANG_CXX_LANGUAGE_STANDARD = "gnu++20";
				CLANG_ENABLE_MODULES = YES;
				CLANG_ENABLE_OBJC_ARC = YES;
				CLANG_ENABLE_OBJC_WEAK = YES;
				CLANG_WARN_BLOCK_CAPTURE_AUTORELEASING = YES;
				CLANG_WARN_BOOL_CONVERSION = YES;
				CLANG_WARN_COMMA = YES;
				CLANG_WARN_CONSTANT_CONVERSION = YES;
				CLANG_WARN_DEPRECATED_OBJC_IMPLEMENTATIONS = YES;
				CLANG_WARN_DIRECT_OBJC_ISA_USAGE = YES_ERROR;
				CLANG_WARN_DOCUMENTATION_COMMENTS = YES;
				CLANG_WARN_EMPTY_BODY = YES;
				CLANG_WARN_ENUM_CONVERSION = YES;
				CLANG_WARN_INFINITE_RECURSION = YES;
				CLANG_WARN_INT_CONVERSION = YES;
				CLANG_WARN_NON_LITERAL_NULL_CONVERSION = YES;
				CLANG_WARN_OBJC_IMPLICIT_RETAIN_SELF = YES;
				CLANG_WARN_OBJC_LITERAL_CONVERSION = YES;
				CLANG_WARN_OBJC_ROOT_CLASS = YES_ERROR;
				CLANG_WARN_QUOTED_INCLUDE_IN_FRAMEWORK_HEADER = YES;
				CLANG_WARN_RANGE_LOOP_ANALYSIS = YES;
				CLANG_WARN_STRICT_PROTOTYPES = YES;
				CLANG_WARN_SUSPICIOUS_MOVE = YES;
				CLANG_WARN_UNGUARDED_AVAILABILITY = YES_AGGRESSIVE;
				CLANG_WARN_UNREACHABLE_CODE = YES;
				CLANG_WARN__DUPLICATE_METHOD_MATCH = YES;
				COPY_PHASE_STRIP = NO;
				DEBUG_INFORMATION_FORMAT = "dwarf-with-dsym";
				ENABLE_NS_ASSERTIONS = NO;
				ENABLE_STRICT_OBJC_MSGSEND = YES;
				GCC_C_LANGUAGE_STANDARD = gnu11;
				GCC_NO_COMMON_BLOCKS = YES;
				GCC_WARN_64_TO_32_BIT_CONVERSION = YES;
				GCC_WARN_ABOUT_RETURN_TYPE = YES_ERROR;
				GCC_WARN_UNDECLARED_SELECTOR = YES;
				GCC_WARN_UNINITIALIZED_AUTOS = YES_AGGRESSIVE;
				GCC_WARN_UNUSED_FUNCTION = YES;
				GCC_WARN_UNUSED_VARIABLE = YES;
				IPHONEOS_DEPLOYMENT_TARGET = 16.2;
				MTL_ENABLE_DEBUG_INFO = NO;
				MTL_FAST_MATH = YES;
				SDKROOT = iphoneos;
				SWIFT_COMPILATION_MODE = wholemodule;
				SWIFT_OPTIMIZATION_LEVEL = "-O";
				VALIDATE_PRODUCT = YES;
			};
			name = Release;
		};
		20B157322967293800FC30F6 /* Debug */ = {
			isa = XCBuildConfiguration;
			buildSettings = {
				ASSETCATALOG_COMPILER_APPICON_NAME = AppIcon;
				ASSETCATALOG_COMPILER_GLOBAL_ACCENT_COLOR_NAME = AccentColor;
				CODE_SIGN_STYLE = Automatic;
				CURRENT_PROJECT_VERSION = 1;
				DEVELOPMENT_TEAM = WV24CA25AX;
				GENERATE_INFOPLIST_FILE = YES;
				INFOPLIST_FILE = "Netflix Clone/Info.plist";
				INFOPLIST_KEY_UIApplicationSupportsIndirectInputEvents = YES;
				INFOPLIST_KEY_UILaunchStoryboardName = LaunchScreen;
				INFOPLIST_KEY_UISupportedInterfaceOrientations_iPad = "UIInterfaceOrientationPortrait UIInterfaceOrientationPortraitUpsideDown UIInterfaceOrientationLandscapeLeft UIInterfaceOrientationLandscapeRight";
				INFOPLIST_KEY_UISupportedInterfaceOrientations_iPhone = "UIInterfaceOrientationPortrait UIInterfaceOrientationLandscapeLeft UIInterfaceOrientationLandscapeRight";
				LD_RUNPATH_SEARCH_PATHS = (
					"$(inherited)",
					"@executable_path/Frameworks",
				);
				MARKETING_VERSION = 1.0;
				PRODUCT_BUNDLE_IDENTIFIER = "com.mohamedhany.Netflix-Clone";
				PRODUCT_NAME = "$(TARGET_NAME)";
				SWIFT_EMIT_LOC_STRINGS = YES;
				SWIFT_VERSION = 5.0;
				TARGETED_DEVICE_FAMILY = "1,2";
			};
			name = Debug;
		};
		20B157332967293800FC30F6 /* Release */ = {
			isa = XCBuildConfiguration;
			buildSettings = {
				ASSETCATALOG_COMPILER_APPICON_NAME = AppIcon;
				ASSETCATALOG_COMPILER_GLOBAL_ACCENT_COLOR_NAME = AccentColor;
				CODE_SIGN_STYLE = Automatic;
				CURRENT_PROJECT_VERSION = 1;
				DEVELOPMENT_TEAM = WV24CA25AX;
				GENERATE_INFOPLIST_FILE = YES;
				INFOPLIST_FILE = "Netflix Clone/Info.plist";
				INFOPLIST_KEY_UIApplicationSupportsIndirectInputEvents = YES;
				INFOPLIST_KEY_UILaunchStoryboardName = LaunchScreen;
				INFOPLIST_KEY_UISupportedInterfaceOrientations_iPad = "UIInterfaceOrientationPortrait UIInterfaceOrientationPortraitUpsideDown UIInterfaceOrientationLandscapeLeft UIInterfaceOrientationLandscapeRight";
				INFOPLIST_KEY_UISupportedInterfaceOrientations_iPhone = "UIInterfaceOrientationPortrait UIInterfaceOrientationLandscapeLeft UIInterfaceOrientationLandscapeRight";
				LD_RUNPATH_SEARCH_PATHS = (
					"$(inherited)",
					"@executable_path/Frameworks",
				);
				MARKETING_VERSION = 1.0;
				PRODUCT_BUNDLE_IDENTIFIER = "com.mohamedhany.Netflix-Clone";
				PRODUCT_NAME = "$(TARGET_NAME)";
				SWIFT_EMIT_LOC_STRINGS = YES;
				SWIFT_VERSION = 5.0;
				TARGETED_DEVICE_FAMILY = "1,2";
			};
			name = Release;
		};
/* End XCBuildConfiguration section */

/* Begin XCConfigurationList section */
		20B157182967293700FC30F6 /* Build configuration list for PBXProject "Netflix Clone" */ = {
			isa = XCConfigurationList;
			buildConfigurations = (
				20B1572F2967293800FC30F6 /* Debug */,
				20B157302967293800FC30F6 /* Release */,
			);
			defaultConfigurationIsVisible = 0;
			defaultConfigurationName = Release;
		};
		20B157312967293800FC30F6 /* Build configuration list for PBXNativeTarget "Netflix Clone" */ = {
			isa = XCConfigurationList;
			buildConfigurations = (
				20B157322967293800FC30F6 /* Debug */,
				20B157332967293800FC30F6 /* Release */,
			);
			defaultConfigurationIsVisible = 0;
			defaultConfigurationName = Release;
		};
/* End XCConfigurationList section */

/* Begin XCRemoteSwiftPackageReference section */
		204CD475296EEF0D00E4B068 /* XCRemoteSwiftPackageReference "SDWebImage" */ = {
			isa = XCRemoteSwiftPackageReference;
			repositoryURL = "https://github.com/SDWebImage/SDWebImage.git";
			requirement = {
				kind = upToNextMajorVersion;
				minimumVersion = 5.0.0;
			};
		};
/* End XCRemoteSwiftPackageReference section */

/* Begin XCSwiftPackageProductDependency section */
		204CD476296EEF0D00E4B068 /* SDWebImage */ = {
			isa = XCSwiftPackageProductDependency;
			package = 204CD475296EEF0D00E4B068 /* XCRemoteSwiftPackageReference "SDWebImage" */;
			productName = SDWebImage;
		};
		204CD478296EEF0D00E4B068 /* SDWebImageMapKit */ = {
			isa = XCSwiftPackageProductDependency;
			package = 204CD475296EEF0D00E4B068 /* XCRemoteSwiftPackageReference "SDWebImage" */;
			productName = SDWebImageMapKit;
		};
/* End XCSwiftPackageProductDependency section */
	};
	rootObject = 20B157152967293700FC30F6 /* Project object */;
}
